// !$*UTF8*$!
{
	archiveVersion = 1;
	classes = {
	};
	objectVersion = 56;
	objects = {

/* Begin PBXBuildFile section */
		3B6D61C129E3466D002C8EEE /* AppDelegate.swift in Sources */ = {isa = PBXBuildFile; fileRef = 3B6D61C029E3466D002C8EEE /* AppDelegate.swift */; };
		3B6D61C329E3466D002C8EEE /* SceneDelegate.swift in Sources */ = {isa = PBXBuildFile; fileRef = 3B6D61C229E3466D002C8EEE /* SceneDelegate.swift */; };
		3B6D61C529E3466D002C8EEE /* ViewController.swift in Sources */ = {isa = PBXBuildFile; fileRef = 3B6D61C429E3466D002C8EEE /* ViewController.swift */; };
		3B6D61CB29E3466D002C8EEE /* danzi0411.xcdatamodeld in Sources */ = {isa = PBXBuildFile; fileRef = 3B6D61C929E3466D002C8EEE /* danzi0411.xcdatamodeld */; };
		3B6D61CD29E3466E002C8EEE /* Assets.xcassets in Resources */ = {isa = PBXBuildFile; fileRef = 3B6D61CC29E3466E002C8EEE /* Assets.xcassets */; };
		3B6D61D029E3466E002C8EEE /* LaunchScreen.storyboard in Resources */ = {isa = PBXBuildFile; fileRef = 3B6D61CE29E3466E002C8EEE /* LaunchScreen.storyboard */; };
		3B6D61D829E359C1002C8EEE /* mainTabBarController.swift in Sources */ = {isa = PBXBuildFile; fileRef = 3B6D61D729E359C1002C8EEE /* mainTabBarController.swift */; };
		3BAC6C4129E4DA4700087F31 /* buttonController.swift in Sources */ = {isa = PBXBuildFile; fileRef = 3BAC6C4029E4DA4700087F31 /* buttonController.swift */; };
		3BAC6C4329E50F3400087F31 /* dateFormatter.swift in Sources */ = {isa = PBXBuildFile; fileRef = 3BAC6C4229E50F3400087F31 /* dateFormatter.swift */; };
		EABEBDF1BA61CF01C6195B50 /* Pods_danzi0411.framework in Frameworks */ = {isa = PBXBuildFile; fileRef = 9ED910CBA20033CAD72DDA3E /* Pods_danzi0411.framework */; };
/* End PBXBuildFile section */

/* Begin PBXFileReference section */
		28AA86386E0405692EB7B86E /* Pods-danzi0411.debug.xcconfig */ = {isa = PBXFileReference; includeInIndex = 1; lastKnownFileType = text.xcconfig; name = "Pods-danzi0411.debug.xcconfig"; path = "Target Support Files/Pods-danzi0411/Pods-danzi0411.debug.xcconfig"; sourceTree = "<group>"; };
		3B6D61BD29E3466D002C8EEE /* danzi0411.app */ = {isa = PBXFileReference; explicitFileType = wrapper.application; includeInIndex = 0; path = danzi0411.app; sourceTree = BUILT_PRODUCTS_DIR; };
		3B6D61C029E3466D002C8EEE /* AppDelegate.swift */ = {isa = PBXFileReference; lastKnownFileType = sourcecode.swift; path = AppDelegate.swift; sourceTree = "<group>"; };
		3B6D61C229E3466D002C8EEE /* SceneDelegate.swift */ = {isa = PBXFileReference; lastKnownFileType = sourcecode.swift; path = SceneDelegate.swift; sourceTree = "<group>"; };
		3B6D61C429E3466D002C8EEE /* ViewController.swift */ = {isa = PBXFileReference; lastKnownFileType = sourcecode.swift; path = ViewController.swift; sourceTree = "<group>"; };
		3B6D61CA29E3466D002C8EEE /* danzi0411.xcdatamodel */ = {isa = PBXFileReference; lastKnownFileType = wrapper.xcdatamodel; path = danzi0411.xcdatamodel; sourceTree = "<group>"; };
		3B6D61CC29E3466E002C8EEE /* Assets.xcassets */ = {isa = PBXFileReference; lastKnownFileType = folder.assetcatalog; path = Assets.xcassets; sourceTree = "<group>"; };
		3B6D61CF29E3466E002C8EEE /* Base */ = {isa = PBXFileReference; lastKnownFileType = file.storyboard; name = Base; path = Base.lproj/LaunchScreen.storyboard; sourceTree = "<group>"; };
		3B6D61D129E3466E002C8EEE /* Info.plist */ = {isa = PBXFileReference; lastKnownFileType = text.plist.xml; path = Info.plist; sourceTree = "<group>"; };
		3B6D61D729E359C1002C8EEE /* mainTabBarController.swift */ = {isa = PBXFileReference; lastKnownFileType = sourcecode.swift; path = mainTabBarController.swift; sourceTree = "<group>"; };
		3BAC6C4029E4DA4700087F31 /* buttonController.swift */ = {isa = PBXFileReference; lastKnownFileType = sourcecode.swift; path = buttonController.swift; sourceTree = "<group>"; };
		3BAC6C4229E50F3400087F31 /* dateFormatter.swift */ = {isa = PBXFileReference; lastKnownFileType = sourcecode.swift; path = dateFormatter.swift; sourceTree = "<group>"; };
		6E20F713EA91436F69825D0D /* Pods-danzi0411.release.xcconfig */ = {isa = PBXFileReference; includeInIndex = 1; lastKnownFileType = text.xcconfig; name = "Pods-danzi0411.release.xcconfig"; path = "Target Support Files/Pods-danzi0411/Pods-danzi0411.release.xcconfig"; sourceTree = "<group>"; };
		9ED910CBA20033CAD72DDA3E /* Pods_danzi0411.framework */ = {isa = PBXFileReference; explicitFileType = wrapper.framework; includeInIndex = 0; path = Pods_danzi0411.framework; sourceTree = BUILT_PRODUCTS_DIR; };
/* End PBXFileReference section */

/* Begin PBXFrameworksBuildPhase section */
		3B6D61BA29E3466D002C8EEE /* Frameworks */ = {
			isa = PBXFrameworksBuildPhase;
			buildActionMask = 2147483647;
			files = (
				EABEBDF1BA61CF01C6195B50 /* Pods_danzi0411.framework in Frameworks */,
			);
			runOnlyForDeploymentPostprocessing = 0;
		};
/* End PBXFrameworksBuildPhase section */

/* Begin PBXGroup section */
		37CDA9DD81319457770D426E /* Frameworks */ = {
			isa = PBXGroup;
			children = (
				9ED910CBA20033CAD72DDA3E /* Pods_danzi0411.framework */,
			);
			name = Frameworks;
			sourceTree = "<group>";
		};
		3B6D61B429E3466D002C8EEE = {
			isa = PBXGroup;
			children = (
				3B6D61BF29E3466D002C8EEE /* danzi0411 */,
				3B6D61BE29E3466D002C8EEE /* Products */,
				84B65E56B9DBEE9400378317 /* Pods */,
				37CDA9DD81319457770D426E /* Frameworks */,
			);
			sourceTree = "<group>";
		};
		3B6D61BE29E3466D002C8EEE /* Products */ = {
			isa = PBXGroup;
			children = (
				3B6D61BD29E3466D002C8EEE /* danzi0411.app */,
			);
			name = Products;
			sourceTree = "<group>";
		};
		3B6D61BF29E3466D002C8EEE /* danzi0411 */ = {
			isa = PBXGroup;
			children = (
				3B6D61C029E3466D002C8EEE /* AppDelegate.swift */,
				3B6D61C229E3466D002C8EEE /* SceneDelegate.swift */,
				3B6D61C429E3466D002C8EEE /* ViewController.swift */,
				3B6D61D729E359C1002C8EEE /* mainTabBarController.swift */,
				3BAC6C4029E4DA4700087F31 /* buttonController.swift */,
				3BAC6C4229E50F3400087F31 /* dateFormatter.swift */,
				3B6D61CC29E3466E002C8EEE /* Assets.xcassets */,
				3B6D61CE29E3466E002C8EEE /* LaunchScreen.storyboard */,
				3B6D61D129E3466E002C8EEE /* Info.plist */,
				3B6D61C929E3466D002C8EEE /* danzi0411.xcdatamodeld */,
			);
			path = danzi0411;
			sourceTree = "<group>";
		};
		84B65E56B9DBEE9400378317 /* Pods */ = {
			isa = PBXGroup;
			children = (
				28AA86386E0405692EB7B86E /* Pods-danzi0411.debug.xcconfig */,
				6E20F713EA91436F69825D0D /* Pods-danzi0411.release.xcconfig */,
			);
			path = Pods;
			sourceTree = "<group>";
		};
/* End PBXGroup section */

/* Begin PBXNativeTarget section */
		3B6D61BC29E3466D002C8EEE /* danzi0411 */ = {
			isa = PBXNativeTarget;
			buildConfigurationList = 3B6D61D429E3466E002C8EEE /* Build configuration list for PBXNativeTarget "danzi0411" */;
			buildPhases = (
				1FDA63EADD7EF1229531E357 /* [CP] Check Pods Manifest.lock */,
				3B6D61B929E3466D002C8EEE /* Sources */,
				3B6D61BA29E3466D002C8EEE /* Frameworks */,
				3B6D61BB29E3466D002C8EEE /* Resources */,
				4E9F4D1E052A8C99C1A71B50 /* [CP] Embed Pods Frameworks */,
			);
			buildRules = (
			);
			dependencies = (
			);
			name = danzi0411;
			productName = danzi0411;
			productReference = 3B6D61BD29E3466D002C8EEE /* danzi0411.app */;
			productType = "com.apple.product-type.application";
		};
/* End PBXNativeTarget section */

/* Begin PBXProject section */
		3B6D61B529E3466D002C8EEE /* Project object */ = {
			isa = PBXProject;
			attributes = {
				BuildIndependentTargetsInParallel = 1;
				LastSwiftUpdateCheck = 1420;
				LastUpgradeCheck = 1420;
				TargetAttributes = {
					3B6D61BC29E3466D002C8EEE = {
						CreatedOnToolsVersion = 14.2;
					};
				};
			};
			buildConfigurationList = 3B6D61B829E3466D002C8EEE /* Build configuration list for PBXProject "danzi0411" */;
			compatibilityVersion = "Xcode 14.0";
			developmentRegion = en;
			hasScannedForEncodings = 0;
			knownRegions = (
				en,
				Base,
			);
			mainGroup = 3B6D61B429E3466D002C8EEE;
			productRefGroup = 3B6D61BE29E3466D002C8EEE /* Products */;
			projectDirPath = "";
			projectRoot = "";
			targets = (
				3B6D61BC29E3466D002C8EEE /* danzi0411 */,
			);
		};
/* End PBXProject section */

/* Begin PBXResourcesBuildPhase section */
		3B6D61BB29E3466D002C8EEE /* Resources */ = {
			isa = PBXResourcesBuildPhase;
			buildActionMask = 2147483647;
			files = (
				3B6D61D029E3466E002C8EEE /* LaunchScreen.storyboard in Resources */,
				3B6D61CD29E3466E002C8EEE /* Assets.xcassets in Resources */,
			);
			runOnlyForDeploymentPostprocessing = 0;
		};
/* End PBXResourcesBuildPhase section */

/* Begin PBXShellScriptBuildPhase section */
		1FDA63EADD7EF1229531E357 /* [CP] Check Pods Manifest.lock */ = {
			isa = PBXShellScriptBuildPhase;
			buildActionMask = 2147483647;
			files = (
			);
			inputFileListPaths = (
			);
			inputPaths = (
				"${PODS_PODFILE_DIR_PATH}/Podfile.lock",
				"${PODS_ROOT}/Manifest.lock",
			);
			name = "[CP] Check Pods Manifest.lock";
			outputFileListPaths = (
			);
			outputPaths = (
				"$(DERIVED_FILE_DIR)/Pods-danzi0411-checkManifestLockResult.txt",
			);
			runOnlyForDeploymentPostprocessing = 0;
			shellPath = /bin/sh;
			shellScript = "diff \"${PODS_PODFILE_DIR_PATH}/Podfile.lock\" \"${PODS_ROOT}/Manifest.lock\" > /dev/null\nif [ $? != 0 ] ; then\n    # print error to STDERR\n    echo \"error: The sandbox is not in sync with the Podfile.lock. Run 'pod install' or update your CocoaPods installation.\" >&2\n    exit 1\nfi\n# This output is used by Xcode 'outputs' to avoid re-running this script phase.\necho \"SUCCESS\" > \"${SCRIPT_OUTPUT_FILE_0}\"\n";
			showEnvVarsInLog = 0;
		};
		4E9F4D1E052A8C99C1A71B50 /* [CP] Embed Pods Frameworks */ = {
			isa = PBXShellScriptBuildPhase;
			buildActionMask = 2147483647;
			files = (
			);
			inputFileListPaths = (
				"${PODS_ROOT}/Target Support Files/Pods-danzi0411/Pods-danzi0411-frameworks-${CONFIGURATION}-input-files.xcfilelist",
			);
			name = "[CP] Embed Pods Frameworks";
			outputFileListPaths = (
				"${PODS_ROOT}/Target Support Files/Pods-danzi0411/Pods-danzi0411-frameworks-${CONFIGURATION}-output-files.xcfilelist",
			);
			runOnlyForDeploymentPostprocessing = 0;
			shellPath = /bin/sh;
			shellScript = "\"${PODS_ROOT}/Target Support Files/Pods-danzi0411/Pods-danzi0411-frameworks.sh\"\n";
			showEnvVarsInLog = 0;
		};
/* End PBXShellScriptBuildPhase section */

/* Begin PBXSourcesBuildPhase section */
		3B6D61B929E3466D002C8EEE /* Sources */ = {
			isa = PBXSourcesBuildPhase;
			buildActionMask = 2147483647;
			files = (
				3B6D61C529E3466D002C8EEE /* ViewController.swift in Sources */,
				3BAC6C4129E4DA4700087F31 /* buttonController.swift in Sources */,
				3B6D61C129E3466D002C8EEE /* AppDelegate.swift in Sources */,
				3BAC6C4329E50F3400087F31 /* dateFormatter.swift in Sources */,
				3B6D61D829E359C1002C8EEE /* mainTabBarController.swift in Sources */,
				3B6D61CB29E3466D002C8EEE /* danzi0411.xcdatamodeld in Sources */,
				3B6D61C329E3466D002C8EEE /* SceneDelegate.swift in Sources */,
			);
			runOnlyForDeploymentPostprocessing = 0;
		};
/* End PBXSourcesBuildPhase section */

/* Begin PBXVariantGroup section */
		3B6D61CE29E3466E002C8EEE /* LaunchScreen.storyboard */ = {
			isa = PBXVariantGroup;
			children = (
				3B6D61CF29E3466E002C8EEE /* Base */,
			);
			name = LaunchScreen.storyboard;
			sourceTree = "<group>";
		};
/* End PBXVariantGroup section */

/* Begin XCBuildConfiguration section */
		3B6D61D229E3466E002C8EEE /* Debug */ = {
			isa = XCBuildConfiguration;
			buildSettings = {
				ALWAYS_SEARCH_USER_PATHS = NO;
				CLANG_ANALYZER_NONNULL = YES;
				CLANG_ANALYZER_NUMBER_OBJECT_CONVERSION = YES_AGGRESSIVE;
				CLANG_CXX_LANGUAGE_STANDARD = "gnu++20";
				CLANG_ENABLE_MODULES = YES;
				CLANG_ENABLE_OBJC_ARC = YES;
				CLANG_ENABLE_OBJC_WEAK = YES;
				CLANG_WARN_BLOCK_CAPTURE_AUTORELEASING = YES;
				CLANG_WARN_BOOL_CONVERSION = YES;
				CLANG_WARN_COMMA = YES;
				CLANG_WARN_CONSTANT_CONVERSION = YES;
				CLANG_WARN_DEPRECATED_OBJC_IMPLEMENTATIONS = YES;
				CLANG_WARN_DIRECT_OBJC_ISA_USAGE = YES_ERROR;
				CLANG_WARN_DOCUMENTATION_COMMENTS = YES;
				CLANG_WARN_EMPTY_BODY = YES;
				CLANG_WARN_ENUM_CONVERSION = YES;
				CLANG_WARN_INFINITE_RECURSION = YES;
				CLANG_WARN_INT_CONVERSION = YES;
				CLANG_WARN_NON_LITERAL_NULL_CONVERSION = YES;
				CLANG_WARN_OBJC_IMPLICIT_RETAIN_SELF = YES;
				CLANG_WARN_OBJC_LITERAL_CONVERSION = YES;
				CLANG_WARN_OBJC_ROOT_CLASS = YES_ERROR;
				CLANG_WARN_QUOTED_INCLUDE_IN_FRAMEWORK_HEADER = YES;
				CLANG_WARN_RANGE_LOOP_ANALYSIS = YES;
				CLANG_WARN_STRICT_PROTOTYPES = YES;
				CLANG_WARN_SUSPICIOUS_MOVE = YES;
				CLANG_WARN_UNGUARDED_AVAILABILITY = YES_AGGRESSIVE;
				CLANG_WARN_UNREACHABLE_CODE = YES;
				CLANG_WARN__DUPLICATE_METHOD_MATCH = YES;
				COPY_PHASE_STRIP = NO;
				DEBUG_INFORMATION_FORMAT = dwarf;
				ENABLE_STRICT_OBJC_MSGSEND = YES;
				ENABLE_TESTABILITY = YES;
				GCC_C_LANGUAGE_STANDARD = gnu11;
				GCC_DYNAMIC_NO_PIC = NO;
				GCC_NO_COMMON_BLOCKS = YES;
				GCC_OPTIMIZATION_LEVEL = 0;
				GCC_PREPROCESSOR_DEFINITIONS = (
					"DEBUG=1",
					"$(inherited)",
				);
				GCC_WARN_64_TO_32_BIT_CONVERSION = YES;
				GCC_WARN_ABOUT_RETURN_TYPE = YES_ERROR;
				GCC_WARN_UNDECLARED_SELECTOR = YES;
				GCC_WARN_UNINITIALIZED_AUTOS = YES_AGGRESSIVE;
				GCC_WARN_UNUSED_FUNCTION = YES;
				GCC_WARN_UNUSED_VARIABLE = YES;
				IPHONEOS_DEPLOYMENT_TARGET = 16.2;
				MTL_ENABLE_DEBUG_INFO = INCLUDE_SOURCE;
				MTL_FAST_MATH = YES;
				ONLY_ACTIVE_ARCH = YES;
				SDKROOT = iphoneos;
				SWIFT_ACTIVE_COMPILATION_CONDITIONS = DEBUG;
				SWIFT_OPTIMIZATION_LEVEL = "-Onone";
			};
			name = Debug;
		};
		3B6D61D329E3466E002C8EEE /* Release */ = {
			isa = XCBuildConfiguration;
			buildSettings = {
				ALWAYS_SEARCH_USER_PATHS = NO;
				CLANG_ANALYZER_NONNULL = YES;
				CLANG_ANALYZER_NUMBER_OBJECT_CONVERSION = YES_AGGRESSIVE;
				CLANG_CXX_LANGUAGE_STANDARD = "gnu++20";
				CLANG_ENABLE_MODULES = YES;
				CLANG_ENABLE_OBJC_ARC = YES;
				CLANG_ENABLE_OBJC_WEAK = YES;
				CLANG_WARN_BLOCK_CAPTURE_AUTORELEASING = YES;
				CLANG_WARN_BOOL_CONVERSION = YES;
				CLANG_WARN_COMMA = YES;
				CLANG_WARN_CONSTANT_CONVERSION = YES;
				CLANG_WARN_DEPRECATED_OBJC_IMPLEMENTATIONS = YES;
				CLANG_WARN_DIRECT_OBJC_ISA_USAGE = YES_ERROR;
				CLANG_WARN_DOCUMENTATION_COMMENTS = YES;
				CLANG_WARN_EMPTY_BODY = YES;
				CLANG_WARN_ENUM_CONVERSION = YES;
				CLANG_WARN_INFINITE_RECURSION = YES;
				CLANG_WARN_INT_CONVERSION = YES;
				CLANG_WARN_NON_LITERAL_NULL_CONVERSION = YES;
				CLANG_WARN_OBJC_IMPLICIT_RETAIN_SELF = YES;
				CLANG_WARN_OBJC_LITERAL_CONVERSION = YES;
				CLANG_WARN_OBJC_ROOT_CLASS = YES_ERROR;
				CLANG_WARN_QUOTED_INCLUDE_IN_FRAMEWORK_HEADER = YES;
				CLANG_WARN_RANGE_LOOP_ANALYSIS = YES;
				CLANG_WARN_STRICT_PROTOTYPES = YES;
				CLANG_WARN_SUSPICIOUS_MOVE = YES;
				CLANG_WARN_UNGUARDED_AVAILABILITY = YES_AGGRESSIVE;
				CLANG_WARN_UNREACHABLE_CODE = YES;
				CLANG_WARN__DUPLICATE_METHOD_MATCH = YES;
				COPY_PHASE_STRIP = NO;
				DEBUG_INFORMATION_FORMAT = "dwarf-with-dsym";
				ENABLE_NS_ASSERTIONS = NO;
				ENABLE_STRICT_OBJC_MSGSEND = YES;
				GCC_C_LANGUAGE_STANDARD = gnu11;
				GCC_NO_COMMON_BLOCKS = YES;
				GCC_WARN_64_TO_32_BIT_CONVERSION = YES;
				GCC_WARN_ABOUT_RETURN_TYPE = YES_ERROR;
				GCC_WARN_UNDECLARED_SELECTOR = YES;
				GCC_WARN_UNINITIALIZED_AUTOS = YES_AGGRESSIVE;
				GCC_WARN_UNUSED_FUNCTION = YES;
				GCC_WARN_UNUSED_VARIABLE = YES;
				IPHONEOS_DEPLOYMENT_TARGET = 16.2;
				MTL_ENABLE_DEBUG_INFO = NO;
				MTL_FAST_MATH = YES;
				SDKROOT = iphoneos;
				SWIFT_COMPILATION_MODE = wholemodule;
				SWIFT_OPTIMIZATION_LEVEL = "-O";
				VALIDATE_PRODUCT = YES;
			};
			name = Release;
		};
		3B6D61D529E3466E002C8EEE /* Debug */ = {
			isa = XCBuildConfiguration;
			baseConfigurationReference = 28AA86386E0405692EB7B86E /* Pods-danzi0411.debug.xcconfig */;
			buildSettings = {
				ASSETCATALOG_COMPILER_APPICON_NAME = AppIcon;
				ASSETCATALOG_COMPILER_GLOBAL_ACCENT_COLOR_NAME = AccentColor;
				CODE_SIGN_STYLE = Automatic;
				CURRENT_PROJECT_VERSION = 1;
				GENERATE_INFOPLIST_FILE = YES;
				INFOPLIST_FILE = danzi0411/Info.plist;
				INFOPLIST_KEY_UIApplicationSupportsIndirectInputEvents = YES;
				INFOPLIST_KEY_UILaunchStoryboardName = LaunchScreen;
				INFOPLIST_KEY_UISupportedInterfaceOrientations_iPad = "UIInterfaceOrientationPortrait UIInterfaceOrientationPortraitUpsideDown UIInterfaceOrientationLandscapeLeft UIInterfaceOrientationLandscapeRight";
				INFOPLIST_KEY_UISupportedInterfaceOrientations_iPhone = "UIInterfaceOrientationPortrait UIInterfaceOrientationLandscapeLeft UIInterfaceOrientationLandscapeRight";
				LD_RUNPATH_SEARCH_PATHS = (
					"$(inherited)",
					"@executable_path/Frameworks",
				);
				MARKETING_VERSION = 1.0;
				PRODUCT_BUNDLE_IDENTIFIER = com.danzi145.danzi0411;
				PRODUCT_NAME = "$(TARGET_NAME)";
				SWIFT_EMIT_LOC_STRINGS = YES;
				SWIFT_VERSION = 5.0;
				TARGETED_DEVICE_FAMILY = "1,2";
			};
			name = Debug;
		};
		3B6D61D629E3466E002C8EEE /* Release */ = {
			isa = XCBuildConfiguration;
			baseConfigurationReference = 6E20F713EA91436F69825D0D /* Pods-danzi0411.release.xcconfig */;
			buildSettings = {
				ASSETCATALOG_COMPILER_APPICON_NAME = AppIcon;
				ASSETCATALOG_COMPILER_GLOBAL_ACCENT_COLOR_NAME = AccentColor;
				CODE_SIGN_STYLE = Automatic;
				CURRENT_PROJECT_VERSION = 1;
				GENERATE_INFOPLIST_FILE = YES;
				INFOPLIST_FILE = danzi0411/Info.plist;
				INFOPLIST_KEY_UIApplicationSupportsIndirectInputEvents = YES;
				INFOPLIST_KEY_UILaunchStoryboardName = LaunchScreen;
				INFOPLIST_KEY_UISupportedInterfaceOrientations_iPad = "UIInterfaceOrientationPortrait UIInterfaceOrientationPortraitUpsideDown UIInterfaceOrientationLandscapeLeft UIInterfaceOrientationLandscapeRight";
				INFOPLIST_KEY_UISupportedInterfaceOrientations_iPhone = "UIInterfaceOrientationPortrait UIInterfaceOrientationLandscapeLeft UIInterfaceOrientationLandscapeRight";
				LD_RUNPATH_SEARCH_PATHS = (
					"$(inherited)",
					"@executable_path/Frameworks",
				);
				MARKETING_VERSION = 1.0;
				PRODUCT_BUNDLE_IDENTIFIER = com.danzi145.danzi0411;
				PRODUCT_NAME = "$(TARGET_NAME)";
				SWIFT_EMIT_LOC_STRINGS = YES;
				SWIFT_VERSION = 5.0;
				TARGETED_DEVICE_FAMILY = "1,2";
			};
			name = Release;
		};
/* End XCBuildConfiguration section */

/* Begin XCConfigurationList section */
		3B6D61B829E3466D002C8EEE /* Build configuration list for PBXProject "danzi0411" */ = {
			isa = XCConfigurationList;
			buildConfigurations = (
				3B6D61D229E3466E002C8EEE /* Debug */,
				3B6D61D329E3466E002C8EEE /* Release */,
			);
			defaultConfigurationIsVisible = 0;
			defaultConfigurationName = Release;
		};
		3B6D61D429E3466E002C8EEE /* Build configuration list for PBXNativeTarget "danzi0411" */ = {
			isa = XCConfigurationList;
			buildConfigurations = (
				3B6D61D529E3466E002C8EEE /* Debug */,
				3B6D61D629E3466E002C8EEE /* Release */,
			);
			defaultConfigurationIsVisible = 0;
			defaultConfigurationName = Release;
		};
/* End XCConfigurationList section */

/* Begin XCVersionGroup section */
		3B6D61C929E3466D002C8EEE /* danzi0411.xcdatamodeld */ = {
			isa = XCVersionGroup;
			children = (
				3B6D61CA29E3466D002C8EEE /* danzi0411.xcdatamodel */,
			);
			currentVersion = 3B6D61CA29E3466D002C8EEE /* danzi0411.xcdatamodel */;
			path = danzi0411.xcdatamodeld;
			sourceTree = "<group>";
			versionGroupType = wrapper.xcdatamodel;
		};
/* End XCVersionGroup section */
	};
	rootObject = 3B6D61B529E3466D002C8EEE /* Project object */;
}
